
Microsoft Visual Studio Solution File, Format Version 12.00
# Visual Studio Version 17
VisualStudioVersion = 17.4.33213.308
MinimumVisualStudioVersion = 10.0.40219.1
Project("{FAE04EC0-301F-11D3-BF4B-00C04F79EFBC}") = "BOL", "BOL\BOL.csproj", "{560F3102-0313-4934-BFA3-E2A4A046F27F}"
EndProject
Project("{FAE04EC0-301F-11D3-BF4B-00C04F79EFBC}") = "BLL", "BLL\BLL.csproj", "{10C72B86-A88D-450E-8B30-8BA8FACCEF1F}"
EndProject
Project("{FAE04EC0-301F-11D3-BF4B-00C04F79EFBC}") = "DAL", "DAL\DAL.csproj", "{5249679B-A6D1-4E6C-9C91-FC3C5376C72E}"
EndProject
Project("{FAE04EC0-301F-11D3-BF4B-00C04F79EFBC}") = "UI", "UI\UI.csproj", "{FBE0B0BB-B61D-435F-BA3E-A639D11A61AC}"
EndProject
Global
	GlobalSection(SolutionConfigurationPlatforms) = preSolution
		Debug|Any CPU = Debug|Any CPU
		Release|Any CPU = Release|Any CPU
	EndGlobalSection
	GlobalSection(ProjectConfigurationPlatforms) = postSolution
		{560F3102-0313-4934-BFA3-E2A4A046F27F}.Debug|Any CPU.ActiveCfg = Debug|Any CPU
		{560F3102-0313-4934-BFA3-E2A4A046F27F}.Debug|Any CPU.Build.0 = Debug|Any CPU
		{560F3102-0313-4934-BFA3-E2A4A046F27F}.Release|Any CPU.ActiveCfg = Release|Any CPU
		{560F3102-0313-4934-BFA3-E2A4A046F27F}.Release|Any CPU.Build.0 = Release|Any CPU
		{10C72B86-A88D-450E-8B30-8BA8FACCEF1F}.Debug|Any CPU.ActiveCfg = Debug|Any CPU
		{10C72B86-A88D-450E-8B30-8BA8FACCEF1F}.Debug|Any CPU.Build.0 = Debug|Any CPU
		{10C72B86-A88D-450E-8B30-8BA8FACCEF1F}.Release|Any CPU.ActiveCfg = Release|Any CPU
		{10C72B86-A88D-450E-8B30-8BA8FACCEF1F}.Release|Any CPU.Build.0 = Release|Any CPU
		{5249679B-A6D1-4E6C-9C91-FC3C5376C72E}.Debug|Any CPU.ActiveCfg = Debug|Any CPU
		{5249679B-A6D1-4E6C-9C91-FC3C5376C72E}.Debug|Any CPU.Build.0 = Debug|Any CPU
		{5249679B-A6D1-4E6C-9C91-FC3C5376C72E}.Release|Any CPU.ActiveCfg = Release|Any CPU
		{5249679B-A6D1-4E6C-9C91-FC3C5376C72E}.Release|Any CPU.Build.0 = Release|Any CPU
		{FBE0B0BB-B61D-435F-BA3E-A639D11A61AC}.Debug|Any CPU.ActiveCfg = Debug|Any CPU
		{FBE0B0BB-B61D-435F-BA3E-A639D11A61AC}.Debug|Any CPU.Build.0 = Debug|Any CPU
		{FBE0B0BB-B61D-435F-BA3E-A639D11A61AC}.Release|Any CPU.ActiveCfg = Release|Any CPU
		{FBE0B0BB-B61D-435F-BA3E-A639D11A61AC}.Release|Any CPU.Build.0 = Release|Any CPU
	EndGlobalSection
	GlobalSection(SolutionProperties) = preSolution
		HideSolutionNode = FALSE
	EndGlobalSection
	GlobalSection(ExtensibilityGlobals) = postSolution
		SolutionGuid = {2C7D7745-1D74-46A2-AA9C-6767863AD273}
	EndGlobalSection
EndGlobal
